// !$*UTF8*$!
{
	archiveVersion = 1;
	classes = {
	};
	objectVersion = 56;
	objects = {

/* Begin PBXBuildFile section */
		90242B1F29B2ECBC00DE174E /* AllStatisfy_Ops.swift in Sources */ = {isa = PBXBuildFile; fileRef = 90242B1E29B2ECBC00DE174E /* AllStatisfy_Ops.swift */; };
		90242B2129B2F0C000DE174E /* TryAllSatisfy.swift in Sources */ = {isa = PBXBuildFile; fileRef = 90242B2029B2F0C000DE174E /* TryAllSatisfy.swift */; };
		90242B2329B2F53300DE174E /* Contains_Ops.swift in Sources */ = {isa = PBXBuildFile; fileRef = 90242B2229B2F53300DE174E /* Contains_Ops.swift */; };
		9067CF6B29AFE6B5004702D3 /* Just_Publisher.swift in Sources */ = {isa = PBXBuildFile; fileRef = 9067CF6A29AFE6B5004702D3 /* Just_Publisher.swift */; };
		9067CF6D29AFEC35004702D3 /* PassThroughSubject_Publisher.swift in Sources */ = {isa = PBXBuildFile; fileRef = 9067CF6C29AFEC35004702D3 /* PassThroughSubject_Publisher.swift */; };
		909FCE8729AE7DB70088D53A /* Empty_Publisher.swift in Sources */ = {isa = PBXBuildFile; fileRef = 909FCE8629AE7DB70088D53A /* Empty_Publisher.swift */; };
		909FCE8A29AE87290088D53A /* Fail_Publisher.swift in Sources */ = {isa = PBXBuildFile; fileRef = 909FCE8929AE87290088D53A /* Fail_Publisher.swift */; };
		909FCE8C29AE91800088D53A /* Future_Promise_Publisher.swift in Sources */ = {isa = PBXBuildFile; fileRef = 909FCE8B29AE91800088D53A /* Future_Promise_Publisher.swift */; };
		90AEA6A729B13C680091DBD3 /* Datatask_Pub.swift in Sources */ = {isa = PBXBuildFile; fileRef = 90AEA6A629B13C680091DBD3 /* Datatask_Pub.swift */; };
		90C8471129B11ECD002AF871 /* Sequence_Publisher.swift in Sources */ = {isa = PBXBuildFile; fileRef = 90C8471029B11ECD002AF871 /* Sequence_Publisher.swift */; };
		90C8471329B1295D002AF871 /* Timer_Publisher.swift in Sources */ = {isa = PBXBuildFile; fileRef = 90C8471229B1295D002AF871 /* Timer_Publisher.swift */; };
		90C8471529B13113002AF871 /* Timer_Connect.swift in Sources */ = {isa = PBXBuildFile; fileRef = 90C8471429B13113002AF871 /* Timer_Connect.swift */; };
		90D733D429AD74BA00F9C0FD /* CombineAppApp.swift in Sources */ = {isa = PBXBuildFile; fileRef = 90D733D329AD74BA00F9C0FD /* CombineAppApp.swift */; };
		90D733D829AD74BB00F9C0FD /* Assets.xcassets in Resources */ = {isa = PBXBuildFile; fileRef = 90D733D729AD74BB00F9C0FD /* Assets.xcassets */; };
		90D733DB29AD74BB00F9C0FD /* Preview Assets.xcassets in Resources */ = {isa = PBXBuildFile; fileRef = 90D733DA29AD74BB00F9C0FD /* Preview Assets.xcassets */; };
		90DCF02529ADB7FE006235E4 /* Current_Value_Subject.swift in Sources */ = {isa = PBXBuildFile; fileRef = 90DCF02429ADB7FE006235E4 /* Current_Value_Subject.swift */; };
/* End PBXBuildFile section */

/* Begin PBXFileReference section */
		90242B1E29B2ECBC00DE174E /* AllStatisfy_Ops.swift */ = {isa = PBXFileReference; lastKnownFileType = sourcecode.swift; path = AllStatisfy_Ops.swift; sourceTree = "<group>"; };
		90242B2029B2F0C000DE174E /* TryAllSatisfy.swift */ = {isa = PBXFileReference; lastKnownFileType = sourcecode.swift; path = TryAllSatisfy.swift; sourceTree = "<group>"; };
		90242B2229B2F53300DE174E /* Contains_Ops.swift */ = {isa = PBXFileReference; lastKnownFileType = sourcecode.swift; path = Contains_Ops.swift; sourceTree = "<group>"; };
		9067CF6A29AFE6B5004702D3 /* Just_Publisher.swift */ = {isa = PBXFileReference; lastKnownFileType = sourcecode.swift; path = Just_Publisher.swift; sourceTree = "<group>"; };
		9067CF6C29AFEC35004702D3 /* PassThroughSubject_Publisher.swift */ = {isa = PBXFileReference; lastKnownFileType = sourcecode.swift; path = PassThroughSubject_Publisher.swift; sourceTree = "<group>"; };
		909FCE8629AE7DB70088D53A /* Empty_Publisher.swift */ = {isa = PBXFileReference; lastKnownFileType = sourcecode.swift; path = Empty_Publisher.swift; sourceTree = "<group>"; };
		909FCE8929AE87290088D53A /* Fail_Publisher.swift */ = {isa = PBXFileReference; lastKnownFileType = sourcecode.swift; path = Fail_Publisher.swift; sourceTree = "<group>"; };
		909FCE8B29AE91800088D53A /* Future_Promise_Publisher.swift */ = {isa = PBXFileReference; lastKnownFileType = sourcecode.swift; path = Future_Promise_Publisher.swift; sourceTree = "<group>"; };
		90AEA6A629B13C680091DBD3 /* Datatask_Pub.swift */ = {isa = PBXFileReference; lastKnownFileType = sourcecode.swift; path = Datatask_Pub.swift; sourceTree = "<group>"; };
		90C8471029B11ECD002AF871 /* Sequence_Publisher.swift */ = {isa = PBXFileReference; lastKnownFileType = sourcecode.swift; path = Sequence_Publisher.swift; sourceTree = "<group>"; };
		90C8471229B1295D002AF871 /* Timer_Publisher.swift */ = {isa = PBXFileReference; lastKnownFileType = sourcecode.swift; path = Timer_Publisher.swift; sourceTree = "<group>"; };
		90C8471429B13113002AF871 /* Timer_Connect.swift */ = {isa = PBXFileReference; lastKnownFileType = sourcecode.swift; path = Timer_Connect.swift; sourceTree = "<group>"; };
		90D733D029AD74BA00F9C0FD /* CombineApp.app */ = {isa = PBXFileReference; explicitFileType = wrapper.application; includeInIndex = 0; path = CombineApp.app; sourceTree = BUILT_PRODUCTS_DIR; };
		90D733D329AD74BA00F9C0FD /* CombineAppApp.swift */ = {isa = PBXFileReference; lastKnownFileType = sourcecode.swift; path = CombineAppApp.swift; sourceTree = "<group>"; };
		90D733D729AD74BB00F9C0FD /* Assets.xcassets */ = {isa = PBXFileReference; lastKnownFileType = folder.assetcatalog; path = Assets.xcassets; sourceTree = "<group>"; };
		90D733DA29AD74BB00F9C0FD /* Preview Assets.xcassets */ = {isa = PBXFileReference; lastKnownFileType = folder.assetcatalog; path = "Preview Assets.xcassets"; sourceTree = "<group>"; };
		90DCF02429ADB7FE006235E4 /* Current_Value_Subject.swift */ = {isa = PBXFileReference; lastKnownFileType = sourcecode.swift; path = Current_Value_Subject.swift; sourceTree = "<group>"; };
/* End PBXFileReference section */

/* Begin PBXFrameworksBuildPhase section */
		90D733CD29AD74BA00F9C0FD /* Frameworks */ = {
			isa = PBXFrameworksBuildPhase;
			buildActionMask = 2147483647;
			files = (
			);
			runOnlyForDeploymentPostprocessing = 0;
		};
/* End PBXFrameworksBuildPhase section */

/* Begin PBXGroup section */
		90242B1D29B2EC9900DE174E /* Operators */ = {
			isa = PBXGroup;
			children = (
				90242B1E29B2ECBC00DE174E /* AllStatisfy_Ops.swift */,
				90242B2029B2F0C000DE174E /* TryAllSatisfy.swift */,
				90242B2229B2F53300DE174E /* Contains_Ops.swift */,
			);
			path = Operators;
			sourceTree = "<group>";
		};
		909FCE8529AE78680088D53A /* Publishers */ = {
			isa = PBXGroup;
			children = (
				90DCF02329ADB7DA006235E4 /* Current_Value_Subject */,
			);
			path = Publishers;
			sourceTree = "<group>";
		};
		90D733C729AD74BA00F9C0FD = {
			isa = PBXGroup;
			children = (
				90242B1D29B2EC9900DE174E /* Operators */,
				909FCE8529AE78680088D53A /* Publishers */,
				90D733D229AD74BA00F9C0FD /* CombineApp */,
				90D733D129AD74BA00F9C0FD /* Products */,
			);
			sourceTree = "<group>";
		};
		90D733D129AD74BA00F9C0FD /* Products */ = {
			isa = PBXGroup;
			children = (
				90D733D029AD74BA00F9C0FD /* CombineApp.app */,
			);
			name = Products;
			sourceTree = "<group>";
		};
		90D733D229AD74BA00F9C0FD /* CombineApp */ = {
			isa = PBXGroup;
			children = (
				90D733D329AD74BA00F9C0FD /* CombineAppApp.swift */,
				90D733D729AD74BB00F9C0FD /* Assets.xcassets */,
				90D733D929AD74BB00F9C0FD /* Preview Content */,
			);
			path = CombineApp;
			sourceTree = "<group>";
		};
		90D733D929AD74BB00F9C0FD /* Preview Content */ = {
			isa = PBXGroup;
			children = (
				90D733DA29AD74BB00F9C0FD /* Preview Assets.xcassets */,
			);
			path = "Preview Content";
			sourceTree = "<group>";
		};
		90DCF02329ADB7DA006235E4 /* Current_Value_Subject */ = {
			isa = PBXGroup;
			children = (
				90DCF02429ADB7FE006235E4 /* Current_Value_Subject.swift */,
				909FCE8629AE7DB70088D53A /* Empty_Publisher.swift */,
				909FCE8929AE87290088D53A /* Fail_Publisher.swift */,
				909FCE8B29AE91800088D53A /* Future_Promise_Publisher.swift */,
				9067CF6A29AFE6B5004702D3 /* Just_Publisher.swift */,
				9067CF6C29AFEC35004702D3 /* PassThroughSubject_Publisher.swift */,
				90C8471029B11ECD002AF871 /* Sequence_Publisher.swift */,
				90C8471229B1295D002AF871 /* Timer_Publisher.swift */,
				90C8471429B13113002AF871 /* Timer_Connect.swift */,
				90AEA6A629B13C680091DBD3 /* Datatask_Pub.swift */,
			);
			path = Current_Value_Subject;
			sourceTree = "<group>";
		};
/* End PBXGroup section */

/* Begin PBXNativeTarget section */
		90D733CF29AD74BA00F9C0FD /* CombineApp */ = {
			isa = PBXNativeTarget;
			buildConfigurationList = 90D733DE29AD74BB00F9C0FD /* Build configuration list for PBXNativeTarget "CombineApp" */;
			buildPhases = (
				90D733CC29AD74BA00F9C0FD /* Sources */,
				90D733CD29AD74BA00F9C0FD /* Frameworks */,
				90D733CE29AD74BA00F9C0FD /* Resources */,
			);
			buildRules = (
			);
			dependencies = (
			);
			name = CombineApp;
			productName = CombineApp;
			productReference = 90D733D029AD74BA00F9C0FD /* CombineApp.app */;
			productType = "com.apple.product-type.application";
		};
/* End PBXNativeTarget section */

/* Begin PBXProject section */
		90D733C829AD74BA00F9C0FD /* Project object */ = {
			isa = PBXProject;
			attributes = {
				BuildIndependentTargetsInParallel = 1;
				LastSwiftUpdateCheck = 1420;
				LastUpgradeCheck = 1420;
				TargetAttributes = {
					90D733CF29AD74BA00F9C0FD = {
						CreatedOnToolsVersion = 14.2;
					};
				};
			};
			buildConfigurationList = 90D733CB29AD74BA00F9C0FD /* Build configuration list for PBXProject "CombineApp" */;
			compatibilityVersion = "Xcode 14.0";
			developmentRegion = en;
			hasScannedForEncodings = 0;
			knownRegions = (
				en,
				Base,
			);
			mainGroup = 90D733C729AD74BA00F9C0FD;
			productRefGroup = 90D733D129AD74BA00F9C0FD /* Products */;
			projectDirPath = "";
			projectRoot = "";
			targets = (
				90D733CF29AD74BA00F9C0FD /* CombineApp */,
			);
		};
/* End PBXProject section */

/* Begin PBXResourcesBuildPhase section */
		90D733CE29AD74BA00F9C0FD /* Resources */ = {
			isa = PBXResourcesBuildPhase;
			buildActionMask = 2147483647;
			files = (
				90D733DB29AD74BB00F9C0FD /* Preview Assets.xcassets in Resources */,
				90D733D829AD74BB00F9C0FD /* Assets.xcassets in Resources */,
			);
			runOnlyForDeploymentPostprocessing = 0;
		};
/* End PBXResourcesBuildPhase section */

/* Begin PBXSourcesBuildPhase section */
		90D733CC29AD74BA00F9C0FD /* Sources */ = {
			isa = PBXSourcesBuildPhase;
			buildActionMask = 2147483647;
			files = (
				9067CF6B29AFE6B5004702D3 /* Just_Publisher.swift in Sources */,
				90C8471129B11ECD002AF871 /* Sequence_Publisher.swift in Sources */,
				90242B2129B2F0C000DE174E /* TryAllSatisfy.swift in Sources */,
				90242B2329B2F53300DE174E /* Contains_Ops.swift in Sources */,
				90C8471529B13113002AF871 /* Timer_Connect.swift in Sources */,
				909FCE8A29AE87290088D53A /* Fail_Publisher.swift in Sources */,
				90AEA6A729B13C680091DBD3 /* Datatask_Pub.swift in Sources */,
				9067CF6D29AFEC35004702D3 /* PassThroughSubject_Publisher.swift in Sources */,
				909FCE8729AE7DB70088D53A /* Empty_Publisher.swift in Sources */,
				90DCF02529ADB7FE006235E4 /* Current_Value_Subject.swift in Sources */,
				90D733D429AD74BA00F9C0FD /* CombineAppApp.swift in Sources */,
				90242B1F29B2ECBC00DE174E /* AllStatisfy_Ops.swift in Sources */,
				909FCE8C29AE91800088D53A /* Future_Promise_Publisher.swift in Sources */,
				90C8471329B1295D002AF871 /* Timer_Publisher.swift in Sources */,
			);
			runOnlyForDeploymentPostprocessing = 0;
		};
/* End PBXSourcesBuildPhase section */

/* Begin XCBuildConfiguration section */
		90D733DC29AD74BB00F9C0FD /* Debug */ = {
			isa = XCBuildConfiguration;
			buildSettings = {
				ALWAYS_SEARCH_USER_PATHS = NO;
				CLANG_ANALYZER_NONNULL = YES;
				CLANG_ANALYZER_NUMBER_OBJECT_CONVERSION = YES_AGGRESSIVE;
				CLANG_CXX_LANGUAGE_STANDARD = "gnu++20";
				CLANG_ENABLE_MODULES = YES;
				CLANG_ENABLE_OBJC_ARC = YES;
				CLANG_ENABLE_OBJC_WEAK = YES;
				CLANG_WARN_BLOCK_CAPTURE_AUTORELEASING = YES;
				CLANG_WARN_BOOL_CONVERSION = YES;
				CLANG_WARN_COMMA = YES;
				CLANG_WARN_CONSTANT_CONVERSION = YES;
				CLANG_WARN_DEPRECATED_OBJC_IMPLEMENTATIONS = YES;
				CLANG_WARN_DIRECT_OBJC_ISA_USAGE = YES_ERROR;
				CLANG_WARN_DOCUMENTATION_COMMENTS = YES;
				CLANG_WARN_EMPTY_BODY = YES;
				CLANG_WARN_ENUM_CONVERSION = YES;
				CLANG_WARN_INFINITE_RECURSION = YES;
				CLANG_WARN_INT_CONVERSION = YES;
				CLANG_WARN_NON_LITERAL_NULL_CONVERSION = YES;
				CLANG_WARN_OBJC_IMPLICIT_RETAIN_SELF = YES;
				CLANG_WARN_OBJC_LITERAL_CONVERSION = YES;
				CLANG_WARN_OBJC_ROOT_CLASS = YES_ERROR;
				CLANG_WARN_QUOTED_INCLUDE_IN_FRAMEWORK_HEADER = YES;
				CLANG_WARN_RANGE_LOOP_ANALYSIS = YES;
				CLANG_WARN_STRICT_PROTOTYPES = YES;
				CLANG_WARN_SUSPICIOUS_MOVE = YES;
				CLANG_WARN_UNGUARDED_AVAILABILITY = YES_AGGRESSIVE;
				CLANG_WARN_UNREACHABLE_CODE = YES;
				CLANG_WARN__DUPLICATE_METHOD_MATCH = YES;
				COPY_PHASE_STRIP = NO;
				DEBUG_INFORMATION_FORMAT = dwarf;
				ENABLE_STRICT_OBJC_MSGSEND = YES;
				ENABLE_TESTABILITY = YES;
				GCC_C_LANGUAGE_STANDARD = gnu11;
				GCC_DYNAMIC_NO_PIC = NO;
				GCC_NO_COMMON_BLOCKS = YES;
				GCC_OPTIMIZATION_LEVEL = 0;
				GCC_PREPROCESSOR_DEFINITIONS = (
					"DEBUG=1",
					"$(inherited)",
				);
				GCC_WARN_64_TO_32_BIT_CONVERSION = YES;
				GCC_WARN_ABOUT_RETURN_TYPE = YES_ERROR;
				GCC_WARN_UNDECLARED_SELECTOR = YES;
				GCC_WARN_UNINITIALIZED_AUTOS = YES_AGGRESSIVE;
				GCC_WARN_UNUSED_FUNCTION = YES;
				GCC_WARN_UNUSED_VARIABLE = YES;
				IPHONEOS_DEPLOYMENT_TARGET = 16.2;
				MTL_ENABLE_DEBUG_INFO = INCLUDE_SOURCE;
				MTL_FAST_MATH = YES;
				ONLY_ACTIVE_ARCH = YES;
				SDKROOT = iphoneos;
				SWIFT_ACTIVE_COMPILATION_CONDITIONS = DEBUG;
				SWIFT_OPTIMIZATION_LEVEL = "-Onone";
			};
			name = Debug;
		};
		90D733DD29AD74BB00F9C0FD /* Release */ = {
			isa = XCBuildConfiguration;
			buildSettings = {
				ALWAYS_SEARCH_USER_PATHS = NO;
				CLANG_ANALYZER_NONNULL = YES;
				CLANG_ANALYZER_NUMBER_OBJECT_CONVERSION = YES_AGGRESSIVE;
				CLANG_CXX_LANGUAGE_STANDARD = "gnu++20";
				CLANG_ENABLE_MODULES = YES;
				CLANG_ENABLE_OBJC_ARC = YES;
				CLANG_ENABLE_OBJC_WEAK = YES;
				CLANG_WARN_BLOCK_CAPTURE_AUTORELEASING = YES;
				CLANG_WARN_BOOL_CONVERSION = YES;
				CLANG_WARN_COMMA = YES;
				CLANG_WARN_CONSTANT_CONVERSION = YES;
				CLANG_WARN_DEPRECATED_OBJC_IMPLEMENTATIONS = YES;
				CLANG_WARN_DIRECT_OBJC_ISA_USAGE = YES_ERROR;
				CLANG_WARN_DOCUMENTATION_COMMENTS = YES;
				CLANG_WARN_EMPTY_BODY = YES;
				CLANG_WARN_ENUM_CONVERSION = YES;
				CLANG_WARN_INFINITE_RECURSION = YES;
				CLANG_WARN_INT_CONVERSION = YES;
				CLANG_WARN_NON_LITERAL_NULL_CONVERSION = YES;
				CLANG_WARN_OBJC_IMPLICIT_RETAIN_SELF = YES;
				CLANG_WARN_OBJC_LITERAL_CONVERSION = YES;
				CLANG_WARN_OBJC_ROOT_CLASS = YES_ERROR;
				CLANG_WARN_QUOTED_INCLUDE_IN_FRAMEWORK_HEADER = YES;
				CLANG_WARN_RANGE_LOOP_ANALYSIS = YES;
				CLANG_WARN_STRICT_PROTOTYPES = YES;
				CLANG_WARN_SUSPICIOUS_MOVE = YES;
				CLANG_WARN_UNGUARDED_AVAILABILITY = YES_AGGRESSIVE;
				CLANG_WARN_UNREACHABLE_CODE = YES;
				CLANG_WARN__DUPLICATE_METHOD_MATCH = YES;
				COPY_PHASE_STRIP = NO;
				DEBUG_INFORMATION_FORMAT = "dwarf-with-dsym";
				ENABLE_NS_ASSERTIONS = NO;
				ENABLE_STRICT_OBJC_MSGSEND = YES;
				GCC_C_LANGUAGE_STANDARD = gnu11;
				GCC_NO_COMMON_BLOCKS = YES;
				GCC_WARN_64_TO_32_BIT_CONVERSION = YES;
				GCC_WARN_ABOUT_RETURN_TYPE = YES_ERROR;
				GCC_WARN_UNDECLARED_SELECTOR = YES;
				GCC_WARN_UNINITIALIZED_AUTOS = YES_AGGRESSIVE;
				GCC_WARN_UNUSED_FUNCTION = YES;
				GCC_WARN_UNUSED_VARIABLE = YES;
				IPHONEOS_DEPLOYMENT_TARGET = 16.2;
				MTL_ENABLE_DEBUG_INFO = NO;
				MTL_FAST_MATH = YES;
				SDKROOT = iphoneos;
				SWIFT_COMPILATION_MODE = wholemodule;
				SWIFT_OPTIMIZATION_LEVEL = "-O";
				VALIDATE_PRODUCT = YES;
			};
			name = Release;
		};
		90D733DF29AD74BB00F9C0FD /* Debug */ = {
			isa = XCBuildConfiguration;
			buildSettings = {
				ASSETCATALOG_COMPILER_APPICON_NAME = AppIcon;
				ASSETCATALOG_COMPILER_GLOBAL_ACCENT_COLOR_NAME = AccentColor;
				CODE_SIGN_STYLE = Automatic;
				CURRENT_PROJECT_VERSION = 1;
				DEVELOPMENT_ASSET_PATHS = "\"CombineApp/Preview Content\"";
				DEVELOPMENT_TEAM = S87U79A5HD;
				ENABLE_PREVIEWS = YES;
				GENERATE_INFOPLIST_FILE = YES;
				INFOPLIST_KEY_UIApplicationSceneManifest_Generation = YES;
				INFOPLIST_KEY_UIApplicationSupportsIndirectInputEvents = YES;
				INFOPLIST_KEY_UILaunchScreen_Generation = YES;
				INFOPLIST_KEY_UISupportedInterfaceOrientations_iPad = "UIInterfaceOrientationPortrait UIInterfaceOrientationPortraitUpsideDown UIInterfaceOrientationLandscapeLeft UIInterfaceOrientationLandscapeRight";
				INFOPLIST_KEY_UISupportedInterfaceOrientations_iPhone = "UIInterfaceOrientationPortrait UIInterfaceOrientationLandscapeLeft UIInterfaceOrientationLandscapeRight";
				LD_RUNPATH_SEARCH_PATHS = (
					"$(inherited)",
					"@executable_path/Frameworks",
				);
				MARKETING_VERSION = 1.0;
				PRODUCT_BUNDLE_IDENTIFIER = skyplanet.CombineApp;
				PRODUCT_NAME = "$(TARGET_NAME)";
				SWIFT_EMIT_LOC_STRINGS = YES;
				SWIFT_VERSION = 5.0;
				TARGETED_DEVICE_FAMILY = "1,2";
			};
			name = Debug;
		};
		90D733E029AD74BB00F9C0FD /* Release */ = {
			isa = XCBuildConfiguration;
			buildSettings = {
				ASSETCATALOG_COMPILER_APPICON_NAME = AppIcon;
				ASSETCATALOG_COMPILER_GLOBAL_ACCENT_COLOR_NAME = AccentColor;
				CODE_SIGN_STYLE = Automatic;
				CURRENT_PROJECT_VERSION = 1;
				DEVELOPMENT_ASSET_PATHS = "\"CombineApp/Preview Content\"";
				DEVELOPMENT_TEAM = S87U79A5HD;
				ENABLE_PREVIEWS = YES;
				GENERATE_INFOPLIST_FILE = YES;
				INFOPLIST_KEY_UIApplicationSceneManifest_Generation = YES;
				INFOPLIST_KEY_UIApplicationSupportsIndirectInputEvents = YES;
				INFOPLIST_KEY_UILaunchScreen_Generation = YES;
				INFOPLIST_KEY_UISupportedInterfaceOrientations_iPad = "UIInterfaceOrientationPortrait UIInterfaceOrientationPortraitUpsideDown UIInterfaceOrientationLandscapeLeft UIInterfaceOrientationLandscapeRight";
				INFOPLIST_KEY_UISupportedInterfaceOrientations_iPhone = "UIInterfaceOrientationPortrait UIInterfaceOrientationLandscapeLeft UIInterfaceOrientationLandscapeRight";
				LD_RUNPATH_SEARCH_PATHS = (
					"$(inherited)",
					"@executable_path/Frameworks",
				);
				MARKETING_VERSION = 1.0;
				PRODUCT_BUNDLE_IDENTIFIER = skyplanet.CombineApp;
				PRODUCT_NAME = "$(TARGET_NAME)";
				SWIFT_EMIT_LOC_STRINGS = YES;
				SWIFT_VERSION = 5.0;
				TARGETED_DEVICE_FAMILY = "1,2";
			};
			name = Release;
		};
/* End XCBuildConfiguration section */

/* Begin XCConfigurationList section */
		90D733CB29AD74BA00F9C0FD /* Build configuration list for PBXProject "CombineApp" */ = {
			isa = XCConfigurationList;
			buildConfigurations = (
				90D733DC29AD74BB00F9C0FD /* Debug */,
				90D733DD29AD74BB00F9C0FD /* Release */,
			);
			defaultConfigurationIsVisible = 0;
			defaultConfigurationName = Release;
		};
		90D733DE29AD74BB00F9C0FD /* Build configuration list for PBXNativeTarget "CombineApp" */ = {
			isa = XCConfigurationList;
			buildConfigurations = (
				90D733DF29AD74BB00F9C0FD /* Debug */,
				90D733E029AD74BB00F9C0FD /* Release */,
			);
			defaultConfigurationIsVisible = 0;
			defaultConfigurationName = Release;
		};
/* End XCConfigurationList section */
	};
	rootObject = 90D733C829AD74BA00F9C0FD /* Project object */;
}
